
Microsoft Visual Studio Solution File, Format Version 12.00
# Visual Studio Version 17
VisualStudioVersion = 17.4.33205.214
MinimumVisualStudioVersion = 10.0.40219.1
Project("{FAE04EC0-301F-11D3-BF4B-00C04F79EFBC}") = "Rock-paper-scissors", "Rock-paper-scissors.csproj", "{F3A2FCF0-42B2-4A3F-9727-A956A4AF551E}"
EndProject
Global
	GlobalSection(SolutionConfigurationPlatforms) = preSolution
		Debug|Any CPU = Debug|Any CPU
		Release|Any CPU = Release|Any CPU
	EndGlobalSection
	GlobalSection(ProjectConfigurationPlatforms) = postSolution
		{F3A2FCF0-42B2-4A3F-9727-A956A4AF551E}.Debug|Any CPU.ActiveCfg = Debug|Any CPU
		{F3A2FCF0-42B2-4A3F-9727-A956A4AF551E}.Debug|Any CPU.Build.0 = Debug|Any CPU
		{F3A2FCF0-42B2-4A3F-9727-A956A4AF551E}.Release|Any CPU.ActiveCfg = Release|Any CPU
		{F3A2FCF0-42B2-4A3F-9727-A956A4AF551E}.Release|Any CPU.Build.0 = Release|Any CPU
	EndGlobalSection
	GlobalSection(SolutionProperties) = preSolution
		HideSolutionNode = FALSE
	EndGlobalSection
	GlobalSection(ExtensibilityGlobals) = postSolution
		SolutionGuid = {D0BA8BDF-BD19-498A-A97A-17300B7F37F1}
	EndGlobalSection
EndGlobal
